{
  "requires": true,
  "lockfileVersion": 1,
  "dependencies": {
    "popper.js": {
      "version": "1.16.0",
      "resolved": "https://registry.npmjs.org/popper.js/-/popper.js-1.16.0.tgz",
      "integrity": "sha512-+G+EkOPoE5S/zChTpmBSSDYmhXJ5PsW8eMhH8cP/CQHMFPBG/kC9Y5IIw6qNYgdJ+/COf0ddY2li28iHaZRSjw=="
    },
    "tippy.js": {
      "version": "5.1.0",
      "resolved": "https://registry.npmjs.org/tippy.js/-/tippy.js-5.1.0.tgz",
      "integrity": "sha512-OHIF/a4tWOzhwSyuXR6ZuADYUHOohXQDXceONcRjLBUzEcdt2lAIqVeQflmCczkZ0Q4g1G5ihezx7kfL/lNylg==",
      "requires": {
        "popper.js": "^1.16.0"
      }
    }
  }
}
